
Microsoft Visual Studio Solution File, Format Version 12.00
# Visual Studio 15
VisualStudioVersion = 15.0.27004.2002
MinimumVisualStudioVersion = 10.0.40219.1
Project("{9A19103F-16F7-4668-BE54-9A1E7A4F7556}") = "Attendance", "Attendance\Attendance.csproj", "{AFAD112D-A9C5-4529-BD57-A1FF05221BEB}"
EndProject
Project("{9A19103F-16F7-4668-BE54-9A1E7A4F7556}") = "Common", "Common\Common.csproj", "{572EC49C-E6CF-4EAE-9654-EB11AC2555D6}"
EndProject
Project("{9A19103F-16F7-4668-BE54-9A1E7A4F7556}") = "Overtime", "Overtime\Overtime.csproj", "{BFCE733F-AD4A-48D4-8480-24605A76C41D}"
EndProject
Project("{9A19103F-16F7-4668-BE54-9A1E7A4F7556}") = "OvertimeOrderConsole", "OvertimeOrderConsole\OvertimeOrderConsole.csproj", "{610AC154-D7CC-44BE-A7A6-FA8B979C92D3}"
EndProject
Project("{9A19103F-16F7-4668-BE54-9A1E7A4F7556}") = "OvertimeOrderTest", "OvertimeOrderTest\OvertimeOrderTest.csproj", "{6DFF52E2-6FE2-472F-9E46-04EEA16AF339}"
EndProject
Global
	GlobalSection(SolutionConfigurationPlatforms) = preSolution
		Debug|Any CPU = Debug|Any CPU
		Release|Any CPU = Release|Any CPU
	EndGlobalSection
	GlobalSection(ProjectConfigurationPlatforms) = postSolution
		{AFAD112D-A9C5-4529-BD57-A1FF05221BEB}.Debug|Any CPU.ActiveCfg = Debug|Any CPU
		{AFAD112D-A9C5-4529-BD57-A1FF05221BEB}.Debug|Any CPU.Build.0 = Debug|Any CPU
		{AFAD112D-A9C5-4529-BD57-A1FF05221BEB}.Release|Any CPU.ActiveCfg = Release|Any CPU
		{AFAD112D-A9C5-4529-BD57-A1FF05221BEB}.Release|Any CPU.Build.0 = Release|Any CPU
		{572EC49C-E6CF-4EAE-9654-EB11AC2555D6}.Debug|Any CPU.ActiveCfg = Debug|Any CPU
		{572EC49C-E6CF-4EAE-9654-EB11AC2555D6}.Debug|Any CPU.Build.0 = Debug|Any CPU
		{572EC49C-E6CF-4EAE-9654-EB11AC2555D6}.Release|Any CPU.ActiveCfg = Release|Any CPU
		{572EC49C-E6CF-4EAE-9654-EB11AC2555D6}.Release|Any CPU.Build.0 = Release|Any CPU
		{BFCE733F-AD4A-48D4-8480-24605A76C41D}.Debug|Any CPU.ActiveCfg = Debug|Any CPU
		{BFCE733F-AD4A-48D4-8480-24605A76C41D}.Debug|Any CPU.Build.0 = Debug|Any CPU
		{BFCE733F-AD4A-48D4-8480-24605A76C41D}.Release|Any CPU.ActiveCfg = Release|Any CPU
		{BFCE733F-AD4A-48D4-8480-24605A76C41D}.Release|Any CPU.Build.0 = Release|Any CPU
		{610AC154-D7CC-44BE-A7A6-FA8B979C92D3}.Debug|Any CPU.ActiveCfg = Debug|Any CPU
		{610AC154-D7CC-44BE-A7A6-FA8B979C92D3}.Debug|Any CPU.Build.0 = Debug|Any CPU
		{610AC154-D7CC-44BE-A7A6-FA8B979C92D3}.Release|Any CPU.ActiveCfg = Release|Any CPU
		{610AC154-D7CC-44BE-A7A6-FA8B979C92D3}.Release|Any CPU.Build.0 = Release|Any CPU
		{6DFF52E2-6FE2-472F-9E46-04EEA16AF339}.Debug|Any CPU.ActiveCfg = Debug|Any CPU
		{6DFF52E2-6FE2-472F-9E46-04EEA16AF339}.Debug|Any CPU.Build.0 = Debug|Any CPU
		{6DFF52E2-6FE2-472F-9E46-04EEA16AF339}.Release|Any CPU.ActiveCfg = Release|Any CPU
		{6DFF52E2-6FE2-472F-9E46-04EEA16AF339}.Release|Any CPU.Build.0 = Release|Any CPU
	EndGlobalSection
	GlobalSection(SolutionProperties) = preSolution
		HideSolutionNode = FALSE
	EndGlobalSection
	GlobalSection(ExtensibilityGlobals) = postSolution
		SolutionGuid = {9C11CF2A-7732-4B24-A50D-6296383A3B1E}
	EndGlobalSection
EndGlobal
